
Microsoft Visual Studio Solution File, Format Version 12.00
# Visual Studio Version 16
VisualStudioVersion = 16.0.29806.167
MinimumVisualStudioVersion = 10.0.40219.1
Project("{9A19103F-16F7-4668-BE54-9A1E7A4F7556}") = "RepasoParcial2", "RepasoParcial2.csproj", "{D7F89B63-9737-4F97-AD1E-A9A0E6E67F60}"
EndProject
Global
	GlobalSection(SolutionConfigurationPlatforms) = preSolution
		Debug|Any CPU = Debug|Any CPU
		Release|Any CPU = Release|Any CPU
	EndGlobalSection
	GlobalSection(ProjectConfigurationPlatforms) = postSolution
		{D7F89B63-9737-4F97-AD1E-A9A0E6E67F60}.Debug|Any CPU.ActiveCfg = Debug|Any CPU
		{D7F89B63-9737-4F97-AD1E-A9A0E6E67F60}.Debug|Any CPU.Build.0 = Debug|Any CPU
		{D7F89B63-9737-4F97-AD1E-A9A0E6E67F60}.Release|Any CPU.ActiveCfg = Release|Any CPU
		{D7F89B63-9737-4F97-AD1E-A9A0E6E67F60}.Release|Any CPU.Build.0 = Release|Any CPU
	EndGlobalSection
	GlobalSection(SolutionProperties) = preSolution
		HideSolutionNode = FALSE
	EndGlobalSection
	GlobalSection(ExtensibilityGlobals) = postSolution
		SolutionGuid = {D8DCBA1B-7900-44D2-880B-ACB14457CD5C}
	EndGlobalSection
EndGlobal
